
Microsoft Visual Studio Solution File, Format Version 12.00
# Visual Studio Version 17
VisualStudioVersion = 17.8.34525.116
MinimumVisualStudioVersion = 10.0.40219.1
Project("{FAE04EC0-301F-11D3-BF4B-00C04F79EFBC}") = "AutoResetEvent", "AutoResetEvent\AutoResetEvent.csproj", "{166FE8E1-9E26-4BB4-990A-8B11FB553DA9}"
EndProject
Project("{FAE04EC0-301F-11D3-BF4B-00C04F79EFBC}") = "ManualResetEvent", "ManualResetEvent\ManualResetEvent.csproj", "{45309D65-268C-4071-978D-B37669759B10}"
EndProject
Global
	GlobalSection(SolutionConfigurationPlatforms) = preSolution
		Debug|Any CPU = Debug|Any CPU
		Release|Any CPU = Release|Any CPU
	EndGlobalSection
	GlobalSection(ProjectConfigurationPlatforms) = postSolution
		{166FE8E1-9E26-4BB4-990A-8B11FB553DA9}.Debug|Any CPU.ActiveCfg = Debug|Any CPU
		{166FE8E1-9E26-4BB4-990A-8B11FB553DA9}.Debug|Any CPU.Build.0 = Debug|Any CPU
		{166FE8E1-9E26-4BB4-990A-8B11FB553DA9}.Release|Any CPU.ActiveCfg = Release|Any CPU
		{166FE8E1-9E26-4BB4-990A-8B11FB553DA9}.Release|Any CPU.Build.0 = Release|Any CPU
		{45309D65-268C-4071-978D-B37669759B10}.Debug|Any CPU.ActiveCfg = Debug|Any CPU
		{45309D65-268C-4071-978D-B37669759B10}.Debug|Any CPU.Build.0 = Debug|Any CPU
		{45309D65-268C-4071-978D-B37669759B10}.Release|Any CPU.ActiveCfg = Release|Any CPU
		{45309D65-268C-4071-978D-B37669759B10}.Release|Any CPU.Build.0 = Release|Any CPU
	EndGlobalSection
	GlobalSection(SolutionProperties) = preSolution
		HideSolutionNode = FALSE
	EndGlobalSection
	GlobalSection(ExtensibilityGlobals) = postSolution
		SolutionGuid = {95C734C3-A485-4A4B-AFC9-F7646CCD1D4C}
	EndGlobalSection
EndGlobal
