
Microsoft Visual Studio Solution File, Format Version 12.00
# Visual Studio Version 17
VisualStudioVersion = 17.8.34525.116
MinimumVisualStudioVersion = 10.0.40219.1
Project("{9A19103F-16F7-4668-BE54-9A1E7A4F7556}") = "TextAnalyzer", "TextAnalyzer\TextAnalyzer.csproj", "{76C78549-5A85-4641-AF65-805F0801C1F7}"
EndProject
Project("{FAE04EC0-301F-11D3-BF4B-00C04F79EFBC}") = "FilesAnalyzer", "FilesAnalyzer\FilesAnalyzer.csproj", "{1EEE4D33-FF7B-4F20-B4BE-98C4DDA6A9BC}"
EndProject
Global
	GlobalSection(SolutionConfigurationPlatforms) = preSolution
		Debug|Any CPU = Debug|Any CPU
		Release|Any CPU = Release|Any CPU
	EndGlobalSection
	GlobalSection(ProjectConfigurationPlatforms) = postSolution
		{76C78549-5A85-4641-AF65-805F0801C1F7}.Debug|Any CPU.ActiveCfg = Debug|Any CPU
		{76C78549-5A85-4641-AF65-805F0801C1F7}.Debug|Any CPU.Build.0 = Debug|Any CPU
		{76C78549-5A85-4641-AF65-805F0801C1F7}.Release|Any CPU.ActiveCfg = Release|Any CPU
		{76C78549-5A85-4641-AF65-805F0801C1F7}.Release|Any CPU.Build.0 = Release|Any CPU
		{1EEE4D33-FF7B-4F20-B4BE-98C4DDA6A9BC}.Debug|Any CPU.ActiveCfg = Debug|Any CPU
		{1EEE4D33-FF7B-4F20-B4BE-98C4DDA6A9BC}.Debug|Any CPU.Build.0 = Debug|Any CPU
		{1EEE4D33-FF7B-4F20-B4BE-98C4DDA6A9BC}.Release|Any CPU.ActiveCfg = Release|Any CPU
		{1EEE4D33-FF7B-4F20-B4BE-98C4DDA6A9BC}.Release|Any CPU.Build.0 = Release|Any CPU
	EndGlobalSection
	GlobalSection(SolutionProperties) = preSolution
		HideSolutionNode = FALSE
	EndGlobalSection
	GlobalSection(ExtensibilityGlobals) = postSolution
		SolutionGuid = {CA72E1F7-EF58-439A-8961-AD14E0184D63}
	EndGlobalSection
EndGlobal
