
Microsoft Visual Studio Solution File, Format Version 12.00
# Visual Studio Version 17
VisualStudioVersion = 17.6.33815.320
MinimumVisualStudioVersion = 10.0.40219.1
Project("{FAE04EC0-301F-11D3-BF4B-00C04F79EFBC}") = "State", "State.csproj", "{AC2E9D3B-8923-4B34-9205-536934DF7C85}"
EndProject
Global
	GlobalSection(SolutionConfigurationPlatforms) = preSolution
		Debug|Any CPU = Debug|Any CPU
		Release|Any CPU = Release|Any CPU
	EndGlobalSection
	GlobalSection(ProjectConfigurationPlatforms) = postSolution
		{AC2E9D3B-8923-4B34-9205-536934DF7C85}.Debug|Any CPU.ActiveCfg = Debug|Any CPU
		{AC2E9D3B-8923-4B34-9205-536934DF7C85}.Debug|Any CPU.Build.0 = Debug|Any CPU
		{AC2E9D3B-8923-4B34-9205-536934DF7C85}.Release|Any CPU.ActiveCfg = Release|Any CPU
		{AC2E9D3B-8923-4B34-9205-536934DF7C85}.Release|Any CPU.Build.0 = Release|Any CPU
	EndGlobalSection
	GlobalSection(SolutionProperties) = preSolution
		HideSolutionNode = FALSE
	EndGlobalSection
	GlobalSection(ExtensibilityGlobals) = postSolution
		SolutionGuid = {1F3187BC-B32F-43BA-85B6-7824D04A9CF3}
	EndGlobalSection
EndGlobal
