
Microsoft Visual Studio Solution File, Format Version 12.00
# Visual Studio Version 17
VisualStudioVersion = 17.4.33213.308
MinimumVisualStudioVersion = 10.0.40219.1
Project("{FAE04EC0-301F-11D3-BF4B-00C04F79EFBC}") = "FlyWeight", "FlyWeight.csproj", "{CD5DF321-BABA-4278-BA2B-7F4BBD83E78F}"
EndProject
Global
	GlobalSection(SolutionConfigurationPlatforms) = preSolution
		Debug|Any CPU = Debug|Any CPU
		Release|Any CPU = Release|Any CPU
	EndGlobalSection
	GlobalSection(ProjectConfigurationPlatforms) = postSolution
		{CD5DF321-BABA-4278-BA2B-7F4BBD83E78F}.Debug|Any CPU.ActiveCfg = Debug|Any CPU
		{CD5DF321-BABA-4278-BA2B-7F4BBD83E78F}.Debug|Any CPU.Build.0 = Debug|Any CPU
		{CD5DF321-BABA-4278-BA2B-7F4BBD83E78F}.Release|Any CPU.ActiveCfg = Release|Any CPU
		{CD5DF321-BABA-4278-BA2B-7F4BBD83E78F}.Release|Any CPU.Build.0 = Release|Any CPU
	EndGlobalSection
	GlobalSection(SolutionProperties) = preSolution
		HideSolutionNode = FALSE
	EndGlobalSection
	GlobalSection(ExtensibilityGlobals) = postSolution
		SolutionGuid = {95BC1A8A-EFC2-4E94-8813-72E639EC31A7}
	EndGlobalSection
EndGlobal
