
Microsoft Visual Studio Solution File, Format Version 12.00
# Visual Studio Version 17
VisualStudioVersion = 17.4.33213.308
MinimumVisualStudioVersion = 10.0.40219.1
Project("{FAE04EC0-301F-11D3-BF4B-00C04F79EFBC}") = "Windows8_DadashovaGariba", "Windows8_DadashovaGariba.csproj", "{14EA8DEB-E99B-4BDF-BB5D-CB2BF6BE1530}"
EndProject
Global
	GlobalSection(SolutionConfigurationPlatforms) = preSolution
		Debug|Any CPU = Debug|Any CPU
		Release|Any CPU = Release|Any CPU
	EndGlobalSection
	GlobalSection(ProjectConfigurationPlatforms) = postSolution
		{14EA8DEB-E99B-4BDF-BB5D-CB2BF6BE1530}.Debug|Any CPU.ActiveCfg = Debug|Any CPU
		{14EA8DEB-E99B-4BDF-BB5D-CB2BF6BE1530}.Debug|Any CPU.Build.0 = Debug|Any CPU
		{14EA8DEB-E99B-4BDF-BB5D-CB2BF6BE1530}.Release|Any CPU.ActiveCfg = Release|Any CPU
		{14EA8DEB-E99B-4BDF-BB5D-CB2BF6BE1530}.Release|Any CPU.Build.0 = Release|Any CPU
	EndGlobalSection
	GlobalSection(SolutionProperties) = preSolution
		HideSolutionNode = FALSE
	EndGlobalSection
	GlobalSection(ExtensibilityGlobals) = postSolution
		SolutionGuid = {444F455D-82D8-4774-9DEE-FE48A3C6B3BE}
	EndGlobalSection
EndGlobal
