
Microsoft Visual Studio Solution File, Format Version 12.00
# Visual Studio Version 17
VisualStudioVersion = 17.4.33213.308
MinimumVisualStudioVersion = 10.0.40219.1
Project("{FAE04EC0-301F-11D3-BF4B-00C04F79EFBC}") = "ToDoList", "ToDoList.csproj", "{3C39CCA7-20CF-4D3B-B0A7-7306A3737146}"
EndProject
Global
	GlobalSection(SolutionConfigurationPlatforms) = preSolution
		Debug|Any CPU = Debug|Any CPU
		Release|Any CPU = Release|Any CPU
	EndGlobalSection
	GlobalSection(ProjectConfigurationPlatforms) = postSolution
		{3C39CCA7-20CF-4D3B-B0A7-7306A3737146}.Debug|Any CPU.ActiveCfg = Debug|Any CPU
		{3C39CCA7-20CF-4D3B-B0A7-7306A3737146}.Debug|Any CPU.Build.0 = Debug|Any CPU
		{3C39CCA7-20CF-4D3B-B0A7-7306A3737146}.Release|Any CPU.ActiveCfg = Release|Any CPU
		{3C39CCA7-20CF-4D3B-B0A7-7306A3737146}.Release|Any CPU.Build.0 = Release|Any CPU
	EndGlobalSection
	GlobalSection(SolutionProperties) = preSolution
		HideSolutionNode = FALSE
	EndGlobalSection
	GlobalSection(ExtensibilityGlobals) = postSolution
		SolutionGuid = {8C95F8F5-290D-4844-AE69-4499B0FAADBF}
	EndGlobalSection
EndGlobal
