
Microsoft Visual Studio Solution File, Format Version 12.00
# Visual Studio Version 17
VisualStudioVersion = 17.8.34525.116
MinimumVisualStudioVersion = 10.0.40219.1
Project("{FAE04EC0-301F-11D3-BF4B-00C04F79EFBC}") = "HW1", "HW1.csproj", "{D6976AC2-CBA5-4304-9B09-84B8F179E37C}"
EndProject
Global
	GlobalSection(SolutionConfigurationPlatforms) = preSolution
		Debug|Any CPU = Debug|Any CPU
		Release|Any CPU = Release|Any CPU
	EndGlobalSection
	GlobalSection(ProjectConfigurationPlatforms) = postSolution
		{D6976AC2-CBA5-4304-9B09-84B8F179E37C}.Debug|Any CPU.ActiveCfg = Debug|Any CPU
		{D6976AC2-CBA5-4304-9B09-84B8F179E37C}.Debug|Any CPU.Build.0 = Debug|Any CPU
		{D6976AC2-CBA5-4304-9B09-84B8F179E37C}.Release|Any CPU.ActiveCfg = Release|Any CPU
		{D6976AC2-CBA5-4304-9B09-84B8F179E37C}.Release|Any CPU.Build.0 = Release|Any CPU
	EndGlobalSection
	GlobalSection(SolutionProperties) = preSolution
		HideSolutionNode = FALSE
	EndGlobalSection
	GlobalSection(ExtensibilityGlobals) = postSolution
		SolutionGuid = {2AA1C7F4-7E5B-4F8E-8178-84737F747BAA}
	EndGlobalSection
EndGlobal
